# This file was autogenerated by Stack.
# You should not edit this file by hand.
# For more information, please see the documentation at:
#   https://docs.haskellstack.org/en/stable/topics/lock_files

packages:
- completed:
    hackage: http-client-multipart-0.3.0.0@sha256:d675f10cba69c98233467dd533ba46e64f34798fc2ea528efe662ad2ea6c89bf,554
    pantry-tree:
      sha256: a35e249bf5a162c18e5fa2309c5cfcdaaead1d8fc914be029f3f1239102bd648
      size: 164
  original:
    hackage: http-client-multipart-0.3.0.0@sha256:d675f10cba69c98233467dd533ba46e64f34798fc2ea528efe662ad2ea6c89bf,554
snapshots:
- completed:
    sha256: 238fa745b64f91184f9aa518fe04bdde6552533d169b0da5256670df83a0f1a9
    size: 721141
    url: https://raw.githubusercontent.com/commercialhaskell/stackage-snapshots/master/lts/22/44.yaml
  original:
    url: https://raw.githubusercontent.com/commercialhaskell/stackage-snapshots/master/lts/22/44.yaml
